
Microsoft Visual Studio Solution File, Format Version 12.00
# Visual Studio Version 17
VisualStudioVersion = 17.2.32602.215
MinimumVisualStudioVersion = 10.0.40219.1
Project("{9A19103F-16F7-4668-BE54-9A1E7A4F7556}") = "WebApi", "WebProcessor\WebApi.csproj", "{9586A85B-3046-4111-A85F-C3ED8F9ECD97}"
EndProject
Project("{2150E333-8FDC-42A3-9474-1A3956D46DE8}") = "PluginModules", "PluginModules", "{08D744D0-D911-4374-BF64-D0237AB57649}"
EndProject
Project("{9A19103F-16F7-4668-BE54-9A1E7A4F7556}") = "ProblemSource", "ProblemSource\ProblemSource.csproj", "{A0F20ADF-C4E6-4036-B5CE-DFD180769004}"
EndProject
Project("{9A19103F-16F7-4668-BE54-9A1E7A4F7556}") = "PluginModuleBase", "PluginModuleBase\PluginModuleBase.csproj", "{2CF60B58-6227-48DF-B2BF-F675A6348BEF}"
EndProject
Project("{9A19103F-16F7-4668-BE54-9A1E7A4F7556}") = "WebApi.Tests", "WebApi.Tests\WebApi.Tests.csproj", "{32ABA757-CB98-4BA1-B3A6-E9259229A197}"
EndProject
Project("{9A19103F-16F7-4668-BE54-9A1E7A4F7556}") = "Common", "Common\Common.csproj", "{775149F0-36AD-4387-8F00-9EE90B13C20E}"
EndProject
Project("{9A19103F-16F7-4668-BE54-9A1E7A4F7556}") = "ProblemSource.Tests", "ProblemSource.Tests\ProblemSource.Tests.csproj", "{4B7A7DDE-003A-45FF-9EF4-94ADD681D3CF}"
EndProject
Project("{9A19103F-16F7-4668-BE54-9A1E7A4F7556}") = "ProblemSourceTestClient", "TestClient\ProblemSourceTestClient.csproj", "{2B2B67A3-2961-433B-9DD3-1322F0B83F52}"
EndProject
Project("{9A19103F-16F7-4668-BE54-9A1E7A4F7556}") = "Organization", "Organization\Organization.csproj", "{6FEEFA80-0CA9-409E-9482-56E2A81BE9A1}"
EndProject
Project("{9A19103F-16F7-4668-BE54-9A1E7A4F7556}") = "Organization.Tests", "Organization.Tests\Organization.Tests.csproj", "{3C35684C-3972-4CFA-B6B3-2912305B95D1}"
EndProject
Global
	GlobalSection(SolutionConfigurationPlatforms) = preSolution
		Debug|Any CPU = Debug|Any CPU
		Release|Any CPU = Release|Any CPU
	EndGlobalSection
	GlobalSection(ProjectConfigurationPlatforms) = postSolution
		{9586A85B-3046-4111-A85F-C3ED8F9ECD97}.Debug|Any CPU.ActiveCfg = Debug|Any CPU
		{9586A85B-3046-4111-A85F-C3ED8F9ECD97}.Debug|Any CPU.Build.0 = Debug|Any CPU
		{9586A85B-3046-4111-A85F-C3ED8F9ECD97}.Release|Any CPU.ActiveCfg = Release|Any CPU
		{9586A85B-3046-4111-A85F-C3ED8F9ECD97}.Release|Any CPU.Build.0 = Release|Any CPU
		{A0F20ADF-C4E6-4036-B5CE-DFD180769004}.Debug|Any CPU.ActiveCfg = Debug|Any CPU
		{A0F20ADF-C4E6-4036-B5CE-DFD180769004}.Debug|Any CPU.Build.0 = Debug|Any CPU
		{A0F20ADF-C4E6-4036-B5CE-DFD180769004}.Release|Any CPU.ActiveCfg = Release|Any CPU
		{A0F20ADF-C4E6-4036-B5CE-DFD180769004}.Release|Any CPU.Build.0 = Release|Any CPU
		{2CF60B58-6227-48DF-B2BF-F675A6348BEF}.Debug|Any CPU.ActiveCfg = Debug|Any CPU
		{2CF60B58-6227-48DF-B2BF-F675A6348BEF}.Debug|Any CPU.Build.0 = Debug|Any CPU
		{2CF60B58-6227-48DF-B2BF-F675A6348BEF}.Release|Any CPU.ActiveCfg = Release|Any CPU
		{2CF60B58-6227-48DF-B2BF-F675A6348BEF}.Release|Any CPU.Build.0 = Release|Any CPU
		{32ABA757-CB98-4BA1-B3A6-E9259229A197}.Debug|Any CPU.ActiveCfg = Debug|Any CPU
		{32ABA757-CB98-4BA1-B3A6-E9259229A197}.Debug|Any CPU.Build.0 = Debug|Any CPU
		{32ABA757-CB98-4BA1-B3A6-E9259229A197}.Release|Any CPU.ActiveCfg = Release|Any CPU
		{32ABA757-CB98-4BA1-B3A6-E9259229A197}.Release|Any CPU.Build.0 = Release|Any CPU
		{775149F0-36AD-4387-8F00-9EE90B13C20E}.Debug|Any CPU.ActiveCfg = Debug|Any CPU
		{775149F0-36AD-4387-8F00-9EE90B13C20E}.Debug|Any CPU.Build.0 = Debug|Any CPU
		{775149F0-36AD-4387-8F00-9EE90B13C20E}.Release|Any CPU.ActiveCfg = Release|Any CPU
		{775149F0-36AD-4387-8F00-9EE90B13C20E}.Release|Any CPU.Build.0 = Release|Any CPU
		{4B7A7DDE-003A-45FF-9EF4-94ADD681D3CF}.Debug|Any CPU.ActiveCfg = Debug|Any CPU
		{4B7A7DDE-003A-45FF-9EF4-94ADD681D3CF}.Debug|Any CPU.Build.0 = Debug|Any CPU
		{4B7A7DDE-003A-45FF-9EF4-94ADD681D3CF}.Release|Any CPU.ActiveCfg = Release|Any CPU
		{4B7A7DDE-003A-45FF-9EF4-94ADD681D3CF}.Release|Any CPU.Build.0 = Release|Any CPU
		{2B2B67A3-2961-433B-9DD3-1322F0B83F52}.Debug|Any CPU.ActiveCfg = Debug|Any CPU
		{2B2B67A3-2961-433B-9DD3-1322F0B83F52}.Debug|Any CPU.Build.0 = Debug|Any CPU
		{2B2B67A3-2961-433B-9DD3-1322F0B83F52}.Release|Any CPU.ActiveCfg = Release|Any CPU
		{2B2B67A3-2961-433B-9DD3-1322F0B83F52}.Release|Any CPU.Build.0 = Release|Any CPU
		{6FEEFA80-0CA9-409E-9482-56E2A81BE9A1}.Debug|Any CPU.ActiveCfg = Debug|Any CPU
		{6FEEFA80-0CA9-409E-9482-56E2A81BE9A1}.Debug|Any CPU.Build.0 = Debug|Any CPU
		{6FEEFA80-0CA9-409E-9482-56E2A81BE9A1}.Release|Any CPU.ActiveCfg = Release|Any CPU
		{6FEEFA80-0CA9-409E-9482-56E2A81BE9A1}.Release|Any CPU.Build.0 = Release|Any CPU
		{3C35684C-3972-4CFA-B6B3-2912305B95D1}.Debug|Any CPU.ActiveCfg = Debug|Any CPU
		{3C35684C-3972-4CFA-B6B3-2912305B95D1}.Debug|Any CPU.Build.0 = Debug|Any CPU
		{3C35684C-3972-4CFA-B6B3-2912305B95D1}.Release|Any CPU.ActiveCfg = Release|Any CPU
		{3C35684C-3972-4CFA-B6B3-2912305B95D1}.Release|Any CPU.Build.0 = Release|Any CPU
	EndGlobalSection
	GlobalSection(SolutionProperties) = preSolution
		HideSolutionNode = FALSE
	EndGlobalSection
	GlobalSection(NestedProjects) = preSolution
		{A0F20ADF-C4E6-4036-B5CE-DFD180769004} = {08D744D0-D911-4374-BF64-D0237AB57649}
		{4B7A7DDE-003A-45FF-9EF4-94ADD681D3CF} = {08D744D0-D911-4374-BF64-D0237AB57649}
	EndGlobalSection
	GlobalSection(ExtensibilityGlobals) = postSolution
		SolutionGuid = {8C01B588-8D8B-4847-9BC3-C217633B6002}
	EndGlobalSection
EndGlobal
