
Microsoft Visual Studio Solution File, Format Version 12.00
# Visual Studio Version 17
VisualStudioVersion = 17.3.32929.385
MinimumVisualStudioVersion = 10.0.40219.1
Project("{9A19103F-16F7-4668-BE54-9A1E7A4F7556}") = "TrainingApi", "TrainingApi.csproj", "{2B8F54DF-8457-4360-8133-477EBF2EB2DD}"
EndProject
Project("{9A19103F-16F7-4668-BE54-9A1E7A4F7556}") = "OldDb", "..\OldDb\OldDb.csproj", "{D19EA987-0D20-4296-9EF5-BC4C8558298D}"
EndProject
Project("{FAE04EC0-301F-11D3-BF4B-00C04F79EFBC}") = "TrainingApiTests", "..\TrainingApiTests\TrainingApiTests.csproj", "{EFC535EE-7BFB-4715-B5F8-67F80418A332}"
EndProject
Global
	GlobalSection(SolutionConfigurationPlatforms) = preSolution
		Debug|Any CPU = Debug|Any CPU
		Release|Any CPU = Release|Any CPU
	EndGlobalSection
	GlobalSection(ProjectConfigurationPlatforms) = postSolution
		{2B8F54DF-8457-4360-8133-477EBF2EB2DD}.Debug|Any CPU.ActiveCfg = Debug|Any CPU
		{2B8F54DF-8457-4360-8133-477EBF2EB2DD}.Debug|Any CPU.Build.0 = Debug|Any CPU
		{2B8F54DF-8457-4360-8133-477EBF2EB2DD}.Release|Any CPU.ActiveCfg = Release|Any CPU
		{2B8F54DF-8457-4360-8133-477EBF2EB2DD}.Release|Any CPU.Build.0 = Release|Any CPU
		{D19EA987-0D20-4296-9EF5-BC4C8558298D}.Debug|Any CPU.ActiveCfg = Debug|Any CPU
		{D19EA987-0D20-4296-9EF5-BC4C8558298D}.Debug|Any CPU.Build.0 = Debug|Any CPU
		{D19EA987-0D20-4296-9EF5-BC4C8558298D}.Release|Any CPU.ActiveCfg = Release|Any CPU
		{D19EA987-0D20-4296-9EF5-BC4C8558298D}.Release|Any CPU.Build.0 = Release|Any CPU
		{EFC535EE-7BFB-4715-B5F8-67F80418A332}.Debug|Any CPU.ActiveCfg = Debug|Any CPU
		{EFC535EE-7BFB-4715-B5F8-67F80418A332}.Debug|Any CPU.Build.0 = Debug|Any CPU
		{EFC535EE-7BFB-4715-B5F8-67F80418A332}.Release|Any CPU.ActiveCfg = Release|Any CPU
		{EFC535EE-7BFB-4715-B5F8-67F80418A332}.Release|Any CPU.Build.0 = Release|Any CPU
	EndGlobalSection
	GlobalSection(SolutionProperties) = preSolution
		HideSolutionNode = FALSE
	EndGlobalSection
	GlobalSection(ExtensibilityGlobals) = postSolution
		SolutionGuid = {B75968E2-D868-476D-8566-2C6FBBE5154E}
	EndGlobalSection
EndGlobal
